
Microsoft Visual Studio Solution File, Format Version 12.00
# Visual Studio Version 16
VisualStudioVersion = 16.0.30225.117
MinimumVisualStudioVersion = 10.0.40219.1
Project("{8BC9CEB8-8B4A-11D0-8D11-00A0C91BC942}") = "B", "B\B.vcxproj", "{8FA46857-0B33-41CD-97F4-43EC08BAF6D6}"
EndProject
Project("{8BC9CEB8-8B4A-11D0-8D11-00A0C91BC942}") = "Btest", "Btest\Btest.vcxproj", "{1798CEB7-277D-4846-B294-76D6C067DB3E}"
EndProject
Global
	GlobalSection(SolutionConfigurationPlatforms) = preSolution
		Debug|x64 = Debug|x64
		Debug|x86 = Debug|x86
		Release|x64 = Release|x64
		Release|x86 = Release|x86
	EndGlobalSection
	GlobalSection(ProjectConfigurationPlatforms) = postSolution
		{8FA46857-0B33-41CD-97F4-43EC08BAF6D6}.Debug|x64.ActiveCfg = Debug|x64
		{8FA46857-0B33-41CD-97F4-43EC08BAF6D6}.Debug|x64.Build.0 = Debug|x64
		{8FA46857-0B33-41CD-97F4-43EC08BAF6D6}.Debug|x86.ActiveCfg = Debug|Win32
		{8FA46857-0B33-41CD-97F4-43EC08BAF6D6}.Debug|x86.Build.0 = Debug|Win32
		{8FA46857-0B33-41CD-97F4-43EC08BAF6D6}.Release|x64.ActiveCfg = Release|x64
		{8FA46857-0B33-41CD-97F4-43EC08BAF6D6}.Release|x64.Build.0 = Release|x64
		{8FA46857-0B33-41CD-97F4-43EC08BAF6D6}.Release|x86.ActiveCfg = Release|Win32
		{8FA46857-0B33-41CD-97F4-43EC08BAF6D6}.Release|x86.Build.0 = Release|Win32
		{1798CEB7-277D-4846-B294-76D6C067DB3E}.Debug|x64.ActiveCfg = Debug|x64
		{1798CEB7-277D-4846-B294-76D6C067DB3E}.Debug|x64.Build.0 = Debug|x64
		{1798CEB7-277D-4846-B294-76D6C067DB3E}.Debug|x86.ActiveCfg = Debug|Win32
		{1798CEB7-277D-4846-B294-76D6C067DB3E}.Debug|x86.Build.0 = Debug|Win32
		{1798CEB7-277D-4846-B294-76D6C067DB3E}.Release|x64.ActiveCfg = Release|x64
		{1798CEB7-277D-4846-B294-76D6C067DB3E}.Release|x64.Build.0 = Release|x64
		{1798CEB7-277D-4846-B294-76D6C067DB3E}.Release|x86.ActiveCfg = Release|Win32
		{1798CEB7-277D-4846-B294-76D6C067DB3E}.Release|x86.Build.0 = Release|Win32
	EndGlobalSection
	GlobalSection(SolutionProperties) = preSolution
		HideSolutionNode = FALSE
	EndGlobalSection
	GlobalSection(ExtensibilityGlobals) = postSolution
		SolutionGuid = {7F354A11-7A1B-4072-ADE9-18542F7D054D}
	EndGlobalSection
EndGlobal
